
Microsoft Visual Studio Solution File, Format Version 12.00
# Visual Studio Version 16
VisualStudioVersion = 16.0.31112.23
MinimumVisualStudioVersion = 10.0.40219.1
Project("{FAE04EC0-301F-11D3-BF4B-00C04F79EFBC}") = "USBCommTest", "USBCommTest\USBCommTest.csproj", "{60412491-D0C6-4E22-BF95-7867A4BF8289}"
EndProject
Global
	GlobalSection(SolutionConfigurationPlatforms) = preSolution
		Debug|Any CPU = Debug|Any CPU
		Release|Any CPU = Release|Any CPU
	EndGlobalSection
	GlobalSection(ProjectConfigurationPlatforms) = postSolution
		{60412491-D0C6-4E22-BF95-7867A4BF8289}.Debug|Any CPU.ActiveCfg = Debug|Any CPU
		{60412491-D0C6-4E22-BF95-7867A4BF8289}.Debug|Any CPU.Build.0 = Debug|Any CPU
		{60412491-D0C6-4E22-BF95-7867A4BF8289}.Release|Any CPU.ActiveCfg = Release|Any CPU
		{60412491-D0C6-4E22-BF95-7867A4BF8289}.Release|Any CPU.Build.0 = Release|Any CPU
	EndGlobalSection
	GlobalSection(SolutionProperties) = preSolution
		HideSolutionNode = FALSE
	EndGlobalSection
	GlobalSection(ExtensibilityGlobals) = postSolution
		SolutionGuid = {DDD0151A-C206-441C-9C25-BEF4E4F97411}
	EndGlobalSection
EndGlobal
